// !$*UTF8*$!
{
	archiveVersion = 1;
	classes = {
	};
	objectVersion = 51;
	objects = {

/* Begin PBXBuildFile section */
		07073F6125D25E620095C263 /* MovieCell.swift in Sources */ = {isa = PBXBuildFile; fileRef = 07073F6025D25E620095C263 /* MovieCell.swift */; };
		074A85E125DF873600271E0C /* MovieGridCell.swift in Sources */ = {isa = PBXBuildFile; fileRef = 074A85E025DF873600271E0C /* MovieGridCell.swift */; };
		074E8EEF6EDFF10A83589634 /* Pods_Flix.framework in Frameworks */ = {isa = PBXBuildFile; fileRef = 4A451E6040C45DAB717DC468 /* Pods_Flix.framework */; };
		079F98AA25D2437D00A59366 /* AppDelegate.swift in Sources */ = {isa = PBXBuildFile; fileRef = 079F98A925D2437D00A59366 /* AppDelegate.swift */; };
		079F98AC25D2437D00A59366 /* SceneDelegate.swift in Sources */ = {isa = PBXBuildFile; fileRef = 079F98AB25D2437D00A59366 /* SceneDelegate.swift */; };
		079F98AE25D2437D00A59366 /* MoviesViewController.swift in Sources */ = {isa = PBXBuildFile; fileRef = 079F98AD25D2437D00A59366 /* MoviesViewController.swift */; };
		079F98B125D2437D00A59366 /* Main.storyboard in Resources */ = {isa = PBXBuildFile; fileRef = 079F98AF25D2437D00A59366 /* Main.storyboard */; };
		079F98B325D2437E00A59366 /* Assets.xcassets in Resources */ = {isa = PBXBuildFile; fileRef = 079F98B225D2437E00A59366 /* Assets.xcassets */; };
		079F98B625D2437E00A59366 /* LaunchScreen.storyboard in Resources */ = {isa = PBXBuildFile; fileRef = 079F98B425D2437E00A59366 /* LaunchScreen.storyboard */; };
		079F98C125D2437E00A59366 /* FlixTests.swift in Sources */ = {isa = PBXBuildFile; fileRef = 079F98C025D2437E00A59366 /* FlixTests.swift */; };
		079F98CC25D2437E00A59366 /* FlixUITests.swift in Sources */ = {isa = PBXBuildFile; fileRef = 079F98CB25D2437E00A59366 /* FlixUITests.swift */; };
		07E4F3F425DE17ED0012F694 /* MovieDetailsViewController.swift in Sources */ = {isa = PBXBuildFile; fileRef = 07E4F3F325DE17ED0012F694 /* MovieDetailsViewController.swift */; };
		07E4F3F925DE31950012F694 /* MovieGridViewController.swift in Sources */ = {isa = PBXBuildFile; fileRef = 07E4F3F825DE31950012F694 /* MovieGridViewController.swift */; };
		83232A0071CDB77D53410ECD /* Pods_Flix_FlixUITests.framework in Frameworks */ = {isa = PBXBuildFile; fileRef = D730A195EF9F22ACF5965AED /* Pods_Flix_FlixUITests.framework */; };
		D50C56B4D5F43FCE793FBF15 /* Pods_FlixTests.framework in Frameworks */ = {isa = PBXBuildFile; fileRef = CE389211892C8784CD77FD32 /* Pods_FlixTests.framework */; };
/* End PBXBuildFile section */

/* Begin PBXContainerItemProxy section */
		079F98BD25D2437E00A59366 /* PBXContainerItemProxy */ = {
			isa = PBXContainerItemProxy;
			containerPortal = 079F989E25D2437D00A59366 /* Project object */;
			proxyType = 1;
			remoteGlobalIDString = 079F98A525D2437D00A59366;
			remoteInfo = Flix;
		};
		079F98C825D2437E00A59366 /* PBXContainerItemProxy */ = {
			isa = PBXContainerItemProxy;
			containerPortal = 079F989E25D2437D00A59366 /* Project object */;
			proxyType = 1;
			remoteGlobalIDString = 079F98A525D2437D00A59366;
			remoteInfo = Flix;
		};
/* End PBXContainerItemProxy section */

/* Begin PBXFileReference section */
		07073F6025D25E620095C263 /* MovieCell.swift */ = {isa = PBXFileReference; lastKnownFileType = sourcecode.swift; path = MovieCell.swift; sourceTree = "<group>"; };
		074A85E025DF873600271E0C /* MovieGridCell.swift */ = {isa = PBXFileReference; lastKnownFileType = sourcecode.swift; path = MovieGridCell.swift; sourceTree = "<group>"; };
		079F98A625D2437D00A59366 /* Flix.app */ = {isa = PBXFileReference; explicitFileType = wrapper.application; includeInIndex = 0; path = Flix.app; sourceTree = BUILT_PRODUCTS_DIR; };
		079F98A925D2437D00A59366 /* AppDelegate.swift */ = {isa = PBXFileReference; lastKnownFileType = sourcecode.swift; path = AppDelegate.swift; sourceTree = "<group>"; };
		079F98AB25D2437D00A59366 /* SceneDelegate.swift */ = {isa = PBXFileReference; lastKnownFileType = sourcecode.swift; path = SceneDelegate.swift; sourceTree = "<group>"; };
		079F98AD25D2437D00A59366 /* MoviesViewController.swift */ = {isa = PBXFileReference; lastKnownFileType = sourcecode.swift; path = MoviesViewController.swift; sourceTree = "<group>"; };
		079F98B025D2437D00A59366 /* Base */ = {isa = PBXFileReference; lastKnownFileType = file.storyboard; name = Base; path = Base.lproj/Main.storyboard; sourceTree = "<group>"; };
		079F98B225D2437E00A59366 /* Assets.xcassets */ = {isa = PBXFileReference; lastKnownFileType = folder.assetcatalog; path = Assets.xcassets; sourceTree = "<group>"; };
		079F98B525D2437E00A59366 /* Base */ = {isa = PBXFileReference; lastKnownFileType = file.storyboard; name = Base; path = Base.lproj/LaunchScreen.storyboard; sourceTree = "<group>"; };
		079F98B725D2437E00A59366 /* Info.plist */ = {isa = PBXFileReference; lastKnownFileType = text.plist.xml; path = Info.plist; sourceTree = "<group>"; };
		079F98BC25D2437E00A59366 /* FlixTests.xctest */ = {isa = PBXFileReference; explicitFileType = wrapper.cfbundle; includeInIndex = 0; path = FlixTests.xctest; sourceTree = BUILT_PRODUCTS_DIR; };
		079F98C025D2437E00A59366 /* FlixTests.swift */ = {isa = PBXFileReference; lastKnownFileType = sourcecode.swift; path = FlixTests.swift; sourceTree = "<group>"; };
		079F98C225D2437E00A59366 /* Info.plist */ = {isa = PBXFileReference; lastKnownFileType = text.plist.xml; path = Info.plist; sourceTree = "<group>"; };
		079F98C725D2437E00A59366 /* FlixUITests.xctest */ = {isa = PBXFileReference; explicitFileType = wrapper.cfbundle; includeInIndex = 0; path = FlixUITests.xctest; sourceTree = BUILT_PRODUCTS_DIR; };
		079F98CB25D2437E00A59366 /* FlixUITests.swift */ = {isa = PBXFileReference; lastKnownFileType = sourcecode.swift; path = FlixUITests.swift; sourceTree = "<group>"; };
		079F98CD25D2437E00A59366 /* Info.plist */ = {isa = PBXFileReference; lastKnownFileType = text.plist.xml; path = Info.plist; sourceTree = "<group>"; };
		07E4F3F325DE17ED0012F694 /* MovieDetailsViewController.swift */ = {isa = PBXFileReference; lastKnownFileType = sourcecode.swift; path = MovieDetailsViewController.swift; sourceTree = "<group>"; };
		07E4F3F825DE31950012F694 /* MovieGridViewController.swift */ = {isa = PBXFileReference; lastKnownFileType = sourcecode.swift; path = MovieGridViewController.swift; sourceTree = "<group>"; };
		2467CA27593EFFB5A506780A /* Pods-Flix.debug.xcconfig */ = {isa = PBXFileReference; includeInIndex = 1; lastKnownFileType = text.xcconfig; name = "Pods-Flix.debug.xcconfig"; path = "Target Support Files/Pods-Flix/Pods-Flix.debug.xcconfig"; sourceTree = "<group>"; };
		4A451E6040C45DAB717DC468 /* Pods_Flix.framework */ = {isa = PBXFileReference; explicitFileType = wrapper.framework; includeInIndex = 0; path = Pods_Flix.framework; sourceTree = BUILT_PRODUCTS_DIR; };
		69027AF0FF5358E2B28D64EA /* Pods-Flix-FlixUITests.release.xcconfig */ = {isa = PBXFileReference; includeInIndex = 1; lastKnownFileType = text.xcconfig; name = "Pods-Flix-FlixUITests.release.xcconfig"; path = "Target Support Files/Pods-Flix-FlixUITests/Pods-Flix-FlixUITests.release.xcconfig"; sourceTree = "<group>"; };
		9CFA78C3C33B90B1120562D4 /* Pods-FlixTests.release.xcconfig */ = {isa = PBXFileReference; includeInIndex = 1; lastKnownFileType = text.xcconfig; name = "Pods-FlixTests.release.xcconfig"; path = "Target Support Files/Pods-FlixTests/Pods-FlixTests.release.xcconfig"; sourceTree = "<group>"; };
		A636C1997FA8657F0505897A /* Pods-Flix.release.xcconfig */ = {isa = PBXFileReference; includeInIndex = 1; lastKnownFileType = text.xcconfig; name = "Pods-Flix.release.xcconfig"; path = "Target Support Files/Pods-Flix/Pods-Flix.release.xcconfig"; sourceTree = "<group>"; };
		C2B45A944B5F9E78C9EEB2BA /* Pods-FlixTests.debug.xcconfig */ = {isa = PBXFileReference; includeInIndex = 1; lastKnownFileType = text.xcconfig; name = "Pods-FlixTests.debug.xcconfig"; path = "Target Support Files/Pods-FlixTests/Pods-FlixTests.debug.xcconfig"; sourceTree = "<group>"; };
		CE389211892C8784CD77FD32 /* Pods_FlixTests.framework */ = {isa = PBXFileReference; explicitFileType = wrapper.framework; includeInIndex = 0; path = Pods_FlixTests.framework; sourceTree = BUILT_PRODUCTS_DIR; };
		D2B6F8CF15050D1CF38E7A4A /* Pods-Flix-FlixUITests.debug.xcconfig */ = {isa = PBXFileReference; includeInIndex = 1; lastKnownFileType = text.xcconfig; name = "Pods-Flix-FlixUITests.debug.xcconfig"; path = "Target Support Files/Pods-Flix-FlixUITests/Pods-Flix-FlixUITests.debug.xcconfig"; sourceTree = "<group>"; };
		D730A195EF9F22ACF5965AED /* Pods_Flix_FlixUITests.framework */ = {isa = PBXFileReference; explicitFileType = wrapper.framework; includeInIndex = 0; path = Pods_Flix_FlixUITests.framework; sourceTree = BUILT_PRODUCTS_DIR; };
/* End PBXFileReference section */

/* Begin PBXFrameworksBuildPhase section */
		079F98A325D2437D00A59366 /* Frameworks */ = {
			isa = PBXFrameworksBuildPhase;
			buildActionMask = 2147483647;
			files = (
				074E8EEF6EDFF10A83589634 /* Pods_Flix.framework in Frameworks */,
			);
			runOnlyForDeploymentPostprocessing = 0;
		};
		079F98B925D2437E00A59366 /* Frameworks */ = {
			isa = PBXFrameworksBuildPhase;
			buildActionMask = 2147483647;
			files = (
				D50C56B4D5F43FCE793FBF15 /* Pods_FlixTests.framework in Frameworks */,
			);
			runOnlyForDeploymentPostprocessing = 0;
		};
		079F98C425D2437E00A59366 /* Frameworks */ = {
			isa = PBXFrameworksBuildPhase;
			buildActionMask = 2147483647;
			files = (
				83232A0071CDB77D53410ECD /* Pods_Flix_FlixUITests.framework in Frameworks */,
			);
			runOnlyForDeploymentPostprocessing = 0;
		};
/* End PBXFrameworksBuildPhase section */

/* Begin PBXGroup section */
		079F989D25D2437D00A59366 = {
			isa = PBXGroup;
			children = (
				079F98A825D2437D00A59366 /* Flix */,
				079F98BF25D2437E00A59366 /* FlixTests */,
				079F98CA25D2437E00A59366 /* FlixUITests */,
				079F98A725D2437D00A59366 /* Products */,
				1803893BE7B845FDD8A07CA4 /* Pods */,
				41E68B0A6F7E5A083DED3347 /* Frameworks */,
			);
			sourceTree = "<group>";
		};
		079F98A725D2437D00A59366 /* Products */ = {
			isa = PBXGroup;
			children = (
				079F98A625D2437D00A59366 /* Flix.app */,
				079F98BC25D2437E00A59366 /* FlixTests.xctest */,
				079F98C725D2437E00A59366 /* FlixUITests.xctest */,
			);
			name = Products;
			sourceTree = "<group>";
		};
		079F98A825D2437D00A59366 /* Flix */ = {
			isa = PBXGroup;
			children = (
				079F98A925D2437D00A59366 /* AppDelegate.swift */,
				079F98AB25D2437D00A59366 /* SceneDelegate.swift */,
				079F98AD25D2437D00A59366 /* MoviesViewController.swift */,
				079F98AF25D2437D00A59366 /* Main.storyboard */,
				079F98B225D2437E00A59366 /* Assets.xcassets */,
				079F98B425D2437E00A59366 /* LaunchScreen.storyboard */,
				079F98B725D2437E00A59366 /* Info.plist */,
				07073F6025D25E620095C263 /* MovieCell.swift */,
				07E4F3F325DE17ED0012F694 /* MovieDetailsViewController.swift */,
				07E4F3F825DE31950012F694 /* MovieGridViewController.swift */,
				074A85E025DF873600271E0C /* MovieGridCell.swift */,
			);
			path = Flix;
			sourceTree = "<group>";
		};
		079F98BF25D2437E00A59366 /* FlixTests */ = {
			isa = PBXGroup;
			children = (
				079F98C025D2437E00A59366 /* FlixTests.swift */,
				079F98C225D2437E00A59366 /* Info.plist */,
			);
			path = FlixTests;
			sourceTree = "<group>";
		};
		079F98CA25D2437E00A59366 /* FlixUITests */ = {
			isa = PBXGroup;
			children = (
				079F98CB25D2437E00A59366 /* FlixUITests.swift */,
				079F98CD25D2437E00A59366 /* Info.plist */,
			);
			path = FlixUITests;
			sourceTree = "<group>";
		};
		1803893BE7B845FDD8A07CA4 /* Pods */ = {
			isa = PBXGroup;
			children = (
				2467CA27593EFFB5A506780A /* Pods-Flix.debug.xcconfig */,
				A636C1997FA8657F0505897A /* Pods-Flix.release.xcconfig */,
				D2B6F8CF15050D1CF38E7A4A /* Pods-Flix-FlixUITests.debug.xcconfig */,
				69027AF0FF5358E2B28D64EA /* Pods-Flix-FlixUITests.release.xcconfig */,
				C2B45A944B5F9E78C9EEB2BA /* Pods-FlixTests.debug.xcconfig */,
				9CFA78C3C33B90B1120562D4 /* Pods-FlixTests.release.xcconfig */,
			);
			path = Pods;
			sourceTree = "<group>";
		};
		41E68B0A6F7E5A083DED3347 /* Frameworks */ = {
			isa = PBXGroup;
			children = (
				4A451E6040C45DAB717DC468 /* Pods_Flix.framework */,
				D730A195EF9F22ACF5965AED /* Pods_Flix_FlixUITests.framework */,
				CE389211892C8784CD77FD32 /* Pods_FlixTests.framework */,
			);
			name = Frameworks;
			sourceTree = "<group>";
		};
/* End PBXGroup section */

/* Begin PBXNativeTarget section */
		079F98A525D2437D00A59366 /* Flix */ = {
			isa = PBXNativeTarget;
			buildConfigurationList = 079F98D025D2437E00A59366 /* Build configuration list for PBXNativeTarget "Flix" */;
			buildPhases = (
				A32A801E26A1739E8F57B0C2 /* [CP] Check Pods Manifest.lock */,
				079F98A225D2437D00A59366 /* Sources */,
				079F98A325D2437D00A59366 /* Frameworks */,
				079F98A425D2437D00A59366 /* Resources */,
				FDD36A1014085B3D244F1FAA /* [CP] Embed Pods Frameworks */,
			);
			buildRules = (
			);
			dependencies = (
			);
			name = Flix;
			productName = Flix;
			productReference = 079F98A625D2437D00A59366 /* Flix.app */;
			productType = "com.apple.product-type.application";
		};
		079F98BB25D2437E00A59366 /* FlixTests */ = {
			isa = PBXNativeTarget;
			buildConfigurationList = 079F98D325D2437E00A59366 /* Build configuration list for PBXNativeTarget "FlixTests" */;
			buildPhases = (
				1972DF11BAF7E5697D8E9503 /* [CP] Check Pods Manifest.lock */,
				079F98B825D2437E00A59366 /* Sources */,
				079F98B925D2437E00A59366 /* Frameworks */,
				079F98BA25D2437E00A59366 /* Resources */,
			);
			buildRules = (
			);
			dependencies = (
				079F98BE25D2437E00A59366 /* PBXTargetDependency */,
			);
			name = FlixTests;
			productName = FlixTests;
			productReference = 079F98BC25D2437E00A59366 /* FlixTests.xctest */;
			productType = "com.apple.product-type.bundle.unit-test";
		};
		079F98C625D2437E00A59366 /* FlixUITests */ = {
			isa = PBXNativeTarget;
			buildConfigurationList = 079F98D625D2437E00A59366 /* Build configuration list for PBXNativeTarget "FlixUITests" */;
			buildPhases = (
				2942D90EE67B9E111AEF13A9 /* [CP] Check Pods Manifest.lock */,
				079F98C325D2437E00A59366 /* Sources */,
				079F98C425D2437E00A59366 /* Frameworks */,
				079F98C525D2437E00A59366 /* Resources */,
				1AE315F62C82BE4EED5462C4 /* [CP] Embed Pods Frameworks */,
			);
			buildRules = (
			);
			dependencies = (
				079F98C925D2437E00A59366 /* PBXTargetDependency */,
			);
			name = FlixUITests;
			productName = FlixUITests;
			productReference = 079F98C725D2437E00A59366 /* FlixUITests.xctest */;
			productType = "com.apple.product-type.bundle.ui-testing";
		};
/* End PBXNativeTarget section */

/* Begin PBXProject section */
		079F989E25D2437D00A59366 /* Project object */ = {
			isa = PBXProject;
			attributes = {
				LastSwiftUpdateCheck = 1240;
				LastUpgradeCheck = 1240;
				TargetAttributes = {
					079F98A525D2437D00A59366 = {
						CreatedOnToolsVersion = 12.4;
					};
					079F98BB25D2437E00A59366 = {
						CreatedOnToolsVersion = 12.4;
						TestTargetID = 079F98A525D2437D00A59366;
					};
					079F98C625D2437E00A59366 = {
						CreatedOnToolsVersion = 12.4;
						TestTargetID = 079F98A525D2437D00A59366;
					};
				};
			};
			buildConfigurationList = 079F98A125D2437D00A59366 /* Build configuration list for PBXProject "Flix" */;
			compatibilityVersion = "Xcode 9.3";
			developmentRegion = en;
			hasScannedForEncodings = 0;
			knownRegions = (
				en,
				Base,
			);
			mainGroup = 079F989D25D2437D00A59366;
			productRefGroup = 079F98A725D2437D00A59366 /* Products */;
			projectDirPath = "";
			projectRoot = "";
			targets = (
				079F98A525D2437D00A59366 /* Flix */,
				079F98BB25D2437E00A59366 /* FlixTests */,
				079F98C625D2437E00A59366 /* FlixUITests */,
			);
		};
/* End PBXProject section */

/* Begin PBXResourcesBuildPhase section */
		079F98A425D2437D00A59366 /* Resources */ = {
			isa = PBXResourcesBuildPhase;
			buildActionMask = 2147483647;
			files = (
				079F98B625D2437E00A59366 /* LaunchScreen.storyboard in Resources */,
				079F98B325D2437E00A59366 /* Assets.xcassets in Resources */,
				079F98B125D2437D00A59366 /* Main.storyboard in Resources */,
			);
			runOnlyForDeploymentPostprocessing = 0;
		};
		079F98BA25D2437E00A59366 /* Resources */ = {
			isa = PBXResourcesBuildPhase;
			buildActionMask = 2147483647;
			files = (
			);
			runOnlyForDeploymentPostprocessing = 0;
		};
		079F98C525D2437E00A59366 /* Resources */ = {
			isa = PBXResourcesBuildPhase;
			buildActionMask = 2147483647;
			files = (
			);
			runOnlyForDeploymentPostprocessing = 0;
		};
/* End PBXResourcesBuildPhase section */

/* Begin PBXShellScriptBuildPhase section */
		1972DF11BAF7E5697D8E9503 /* [CP] Check Pods Manifest.lock */ = {
			isa = PBXShellScriptBuildPhase;
			buildActionMask = 2147483647;
			files = (
			);
			inputFileListPaths = (
			);
			inputPaths = (
				"${PODS_PODFILE_DIR_PATH}/Podfile.lock",
				"${PODS_ROOT}/Manifest.lock",
			);
			name = "[CP] Check Pods Manifest.lock";
			outputFileListPaths = (
			);
			outputPaths = (
				"$(DERIVED_FILE_DIR)/Pods-FlixTests-checkManifestLockResult.txt",
			);
			runOnlyForDeploymentPostprocessing = 0;
			shellPath = /bin/sh;
			shellScript = "diff \"${PODS_PODFILE_DIR_PATH}/Podfile.lock\" \"${PODS_ROOT}/Manifest.lock\" > /dev/null\nif [ $? != 0 ] ; then\n    # print error to STDERR\n    echo \"error: The sandbox is not in sync with the Podfile.lock. Run 'pod install' or update your CocoaPods installation.\" >&2\n    exit 1\nfi\n# This output is used by Xcode 'outputs' to avoid re-running this script phase.\necho \"SUCCESS\" > \"${SCRIPT_OUTPUT_FILE_0}\"\n";
			showEnvVarsInLog = 0;
		};
		1AE315F62C82BE4EED5462C4 /* [CP] Embed Pods Frameworks */ = {
			isa = PBXShellScriptBuildPhase;
			buildActionMask = 2147483647;
			files = (
			);
			inputFileListPaths = (
				"${PODS_ROOT}/Target Support Files/Pods-Flix-FlixUITests/Pods-Flix-FlixUITests-frameworks-${CONFIGURATION}-input-files.xcfilelist",
			);
			name = "[CP] Embed Pods Frameworks";
			outputFileListPaths = (
				"${PODS_ROOT}/Target Support Files/Pods-Flix-FlixUITests/Pods-Flix-FlixUITests-frameworks-${CONFIGURATION}-output-files.xcfilelist",
			);
			runOnlyForDeploymentPostprocessing = 0;
			shellPath = /bin/sh;
			shellScript = "\"${PODS_ROOT}/Target Support Files/Pods-Flix-FlixUITests/Pods-Flix-FlixUITests-frameworks.sh\"\n";
			showEnvVarsInLog = 0;
		};
		2942D90EE67B9E111AEF13A9 /* [CP] Check Pods Manifest.lock */ = {
			isa = PBXShellScriptBuildPhase;
			buildActionMask = 2147483647;
			files = (
			);
			inputFileListPaths = (
			);
			inputPaths = (
				"${PODS_PODFILE_DIR_PATH}/Podfile.lock",
				"${PODS_ROOT}/Manifest.lock",
			);
			name = "[CP] Check Pods Manifest.lock";
			outputFileListPaths = (
			);
			outputPaths = (
				"$(DERIVED_FILE_DIR)/Pods-Flix-FlixUITests-checkManifestLockResult.txt",
			);
			runOnlyForDeploymentPostprocessing = 0;
			shellPath = /bin/sh;
			shellScript = "diff \"${PODS_PODFILE_DIR_PATH}/Podfile.lock\" \"${PODS_ROOT}/Manifest.lock\" > /dev/null\nif [ $? != 0 ] ; then\n    # print error to STDERR\n    echo \"error: The sandbox is not in sync with the Podfile.lock. Run 'pod install' or update your CocoaPods installation.\" >&2\n    exit 1\nfi\n# This output is used by Xcode 'outputs' to avoid re-running this script phase.\necho \"SUCCESS\" > \"${SCRIPT_OUTPUT_FILE_0}\"\n";
			showEnvVarsInLog = 0;
		};
		A32A801E26A1739E8F57B0C2 /* [CP] Check Pods Manifest.lock */ = {
			isa = PBXShellScriptBuildPhase;
			buildActionMask = 2147483647;
			files = (
			);
			inputFileListPaths = (
			);
			inputPaths = (
				"${PODS_PODFILE_DIR_PATH}/Podfile.lock",
				"${PODS_ROOT}/Manifest.lock",
			);
			name = "[CP] Check Pods Manifest.lock";
			outputFileListPaths = (
			);
			outputPaths = (
				"$(DERIVED_FILE_DIR)/Pods-Flix-checkManifestLockResult.txt",
			);
			runOnlyForDeploymentPostprocessing = 0;
			shellPath = /bin/sh;
			shellScript = "diff \"${PODS_PODFILE_DIR_PATH}/Podfile.lock\" \"${PODS_ROOT}/Manifest.lock\" > /dev/null\nif [ $? != 0 ] ; then\n    # print error to STDERR\n    echo \"error: The sandbox is not in sync with the Podfile.lock. Run 'pod install' or update your CocoaPods installation.\" >&2\n    exit 1\nfi\n# This output is used by Xcode 'outputs' to avoid re-running this script phase.\necho \"SUCCESS\" > \"${SCRIPT_OUTPUT_FILE_0}\"\n";
			showEnvVarsInLog = 0;
		};
		FDD36A1014085B3D244F1FAA /* [CP] Embed Pods Frameworks */ = {
			isa = PBXShellScriptBuildPhase;
			buildActionMask = 2147483647;
			files = (
			);
			inputFileListPaths = (
				"${PODS_ROOT}/Target Support Files/Pods-Flix/Pods-Flix-frameworks-${CONFIGURATION}-input-files.xcfilelist",
			);
			name = "[CP] Embed Pods Frameworks";
			outputFileListPaths = (
				"${PODS_ROOT}/Target Support Files/Pods-Flix/Pods-Flix-frameworks-${CONFIGURATION}-output-files.xcfilelist",
			);
			runOnlyForDeploymentPostprocessing = 0;
			shellPath = /bin/sh;
			shellScript = "\"${PODS_ROOT}/Target Support Files/Pods-Flix/Pods-Flix-frameworks.sh\"\n";
			showEnvVarsInLog = 0;
		};
/* End PBXShellScriptBuildPhase section */

/* Begin PBXSourcesBuildPhase section */
		079F98A225D2437D00A59366 /* Sources */ = {
			isa = PBXSourcesBuildPhase;
			buildActionMask = 2147483647;
			files = (
				07E4F3F425DE17ED0012F694 /* MovieDetailsViewController.swift in Sources */,
				079F98AE25D2437D00A59366 /* MoviesViewController.swift in Sources */,
				079F98AA25D2437D00A59366 /* AppDelegate.swift in Sources */,
				07073F6125D25E620095C263 /* MovieCell.swift in Sources */,
				079F98AC25D2437D00A59366 /* SceneDelegate.swift in Sources */,
				07E4F3F925DE31950012F694 /* MovieGridViewController.swift in Sources */,
				074A85E125DF873600271E0C /* MovieGridCell.swift in Sources */,
			);
			runOnlyForDeploymentPostprocessing = 0;
		};
		079F98B825D2437E00A59366 /* Sources */ = {
			isa = PBXSourcesBuildPhase;
			buildActionMask = 2147483647;
			files = (
				079F98C125D2437E00A59366 /* FlixTests.swift in Sources */,
			);
			runOnlyForDeploymentPostprocessing = 0;
		};
		079F98C325D2437E00A59366 /* Sources */ = {
			isa = PBXSourcesBuildPhase;
			buildActionMask = 2147483647;
			files = (
				079F98CC25D2437E00A59366 /* FlixUITests.swift in Sources */,
			);
			runOnlyForDeploymentPostprocessing = 0;
		};
/* End PBXSourcesBuildPhase section */

/* Begin PBXTargetDependency section */
		079F98BE25D2437E00A59366 /* PBXTargetDependency */ = {
			isa = PBXTargetDependency;
			target = 079F98A525D2437D00A59366 /* Flix */;
			targetProxy = 079F98BD25D2437E00A59366 /* PBXContainerItemProxy */;
		};
		079F98C925D2437E00A59366 /* PBXTargetDependency */ = {
			isa = PBXTargetDependency;
			target = 079F98A525D2437D00A59366 /* Flix */;
			targetProxy = 079F98C825D2437E00A59366 /* PBXContainerItemProxy */;
		};
/* End PBXTargetDependency section */

/* Begin PBXVariantGroup section */
		079F98AF25D2437D00A59366 /* Main.storyboard */ = {
			isa = PBXVariantGroup;
			children = (
				079F98B025D2437D00A59366 /* Base */,
			);
			name = Main.storyboard;
			sourceTree = "<group>";
		};
		079F98B425D2437E00A59366 /* LaunchScreen.storyboard */ = {
			isa = PBXVariantGroup;
			children = (
				079F98B525D2437E00A59366 /* Base */,
			);
			name = LaunchScreen.storyboard;
			sourceTree = "<group>";
		};
/* End PBXVariantGroup section */

/* Begin XCBuildConfiguration section */
		079F98CE25D2437E00A59366 /* Debug */ = {
			isa = XCBuildConfiguration;
			buildSettings = {
				ALWAYS_SEARCH_USER_PATHS = NO;
				CLANG_ANALYZER_NONNULL = YES;
				CLANG_ANALYZER_NUMBER_OBJECT_CONVERSION = YES_AGGRESSIVE;
				CLANG_CXX_LANGUAGE_STANDARD = "gnu++14";
				CLANG_CXX_LIBRARY = "libc++";
				CLANG_ENABLE_MODULES = YES;
				CLANG_ENABLE_OBJC_ARC = YES;
				CLANG_ENABLE_OBJC_WEAK = YES;
				CLANG_WARN_BLOCK_CAPTURE_AUTORELEASING = YES;
				CLANG_WARN_BOOL_CONVERSION = YES;
				CLANG_WARN_COMMA = YES;
				CLANG_WARN_CONSTANT_CONVERSION = YES;
				CLANG_WARN_DEPRECATED_OBJC_IMPLEMENTATIONS = YES;
				CLANG_WARN_DIRECT_OBJC_ISA_USAGE = YES_ERROR;
				CLANG_WARN_DOCUMENTATION_COMMENTS = YES;
				CLANG_WARN_EMPTY_BODY = YES;
				CLANG_WARN_ENUM_CONVERSION = YES;
				CLANG_WARN_INFINITE_RECURSION = YES;
				CLANG_WARN_INT_CONVERSION = YES;
				CLANG_WARN_NON_LITERAL_NULL_CONVERSION = YES;
				CLANG_WARN_OBJC_IMPLICIT_RETAIN_SELF = YES;
				CLANG_WARN_OBJC_LITERAL_CONVERSION = YES;
				CLANG_WARN_OBJC_ROOT_CLASS = YES_ERROR;
				CLANG_WARN_QUOTED_INCLUDE_IN_FRAMEWORK_HEADER = YES;
				CLANG_WARN_RANGE_LOOP_ANALYSIS = YES;
				CLANG_WARN_STRICT_PROTOTYPES = YES;
				CLANG_WARN_SUSPICIOUS_MOVE = YES;
				CLANG_WARN_UNGUARDED_AVAILABILITY = YES_AGGRESSIVE;
				CLANG_WARN_UNREACHABLE_CODE = YES;
				CLANG_WARN__DUPLICATE_METHOD_MATCH = YES;
				COPY_PHASE_STRIP = NO;
				DEBUG_INFORMATION_FORMAT = dwarf;
				ENABLE_STRICT_OBJC_MSGSEND = YES;
				ENABLE_TESTABILITY = YES;
				GCC_C_LANGUAGE_STANDARD = gnu11;
				GCC_DYNAMIC_NO_PIC = NO;
				GCC_NO_COMMON_BLOCKS = YES;
				GCC_OPTIMIZATION_LEVEL = 0;
				GCC_PREPROCESSOR_DEFINITIONS = (
					"DEBUG=1",
					"$(inherited)",
				);
				GCC_WARN_64_TO_32_BIT_CONVERSION = YES;
				GCC_WARN_ABOUT_RETURN_TYPE = YES_ERROR;
				GCC_WARN_UNDECLARED_SELECTOR = YES;
				GCC_WARN_UNINITIALIZED_AUTOS = YES_AGGRESSIVE;
				GCC_WARN_UNUSED_FUNCTION = YES;
				GCC_WARN_UNUSED_VARIABLE = YES;
				IPHONEOS_DEPLOYMENT_TARGET = 14.4;
				MTL_ENABLE_DEBUG_INFO = INCLUDE_SOURCE;
				MTL_FAST_MATH = YES;
				ONLY_ACTIVE_ARCH = YES;
				SDKROOT = iphoneos;
				SWIFT_ACTIVE_COMPILATION_CONDITIONS = DEBUG;
				SWIFT_OPTIMIZATION_LEVEL = "-Onone";
			};
			name = Debug;
		};
		079F98CF25D2437E00A59366 /* Release */ = {
			isa = XCBuildConfiguration;
			buildSettings = {
				ALWAYS_SEARCH_USER_PATHS = NO;
				CLANG_ANALYZER_NONNULL = YES;
				CLANG_ANALYZER_NUMBER_OBJECT_CONVERSION = YES_AGGRESSIVE;
				CLANG_CXX_LANGUAGE_STANDARD = "gnu++14";
				CLANG_CXX_LIBRARY = "libc++";
				CLANG_ENABLE_MODULES = YES;
				CLANG_ENABLE_OBJC_ARC = YES;
				CLANG_ENABLE_OBJC_WEAK = YES;
				CLANG_WARN_BLOCK_CAPTURE_AUTORELEASING = YES;
				CLANG_WARN_BOOL_CONVERSION = YES;
				CLANG_WARN_COMMA = YES;
				CLANG_WARN_CONSTANT_CONVERSION = YES;
				CLANG_WARN_DEPRECATED_OBJC_IMPLEMENTATIONS = YES;
				CLANG_WARN_DIRECT_OBJC_ISA_USAGE = YES_ERROR;
				CLANG_WARN_DOCUMENTATION_COMMENTS = YES;
				CLANG_WARN_EMPTY_BODY = YES;
				CLANG_WARN_ENUM_CONVERSION = YES;
				CLANG_WARN_INFINITE_RECURSION = YES;
				CLANG_WARN_INT_CONVERSION = YES;
				CLANG_WARN_NON_LITERAL_NULL_CONVERSION = YES;
				CLANG_WARN_OBJC_IMPLICIT_RETAIN_SELF = YES;
				CLANG_WARN_OBJC_LITERAL_CONVERSION = YES;
				CLANG_WARN_OBJC_ROOT_CLASS = YES_ERROR;
				CLANG_WARN_QUOTED_INCLUDE_IN_FRAMEWORK_HEADER = YES;
				CLANG_WARN_RANGE_LOOP_ANALYSIS = YES;
				CLANG_WARN_STRICT_PROTOTYPES = YES;
				CLANG_WARN_SUSPICIOUS_MOVE = YES;
				CLANG_WARN_UNGUARDED_AVAILABILITY = YES_AGGRESSIVE;
				CLANG_WARN_UNREACHABLE_CODE = YES;
				CLANG_WARN__DUPLICATE_METHOD_MATCH = YES;
				COPY_PHASE_STRIP = NO;
				DEBUG_INFORMATION_FORMAT = "dwarf-with-dsym";
				ENABLE_NS_ASSERTIONS = NO;
				ENABLE_STRICT_OBJC_MSGSEND = YES;
				GCC_C_LANGUAGE_STANDARD = gnu11;
				GCC_NO_COMMON_BLOCKS = YES;
				GCC_WARN_64_TO_32_BIT_CONVERSION = YES;
				GCC_WARN_ABOUT_RETURN_TYPE = YES_ERROR;
				GCC_WARN_UNDECLARED_SELECTOR = YES;
				GCC_WARN_UNINITIALIZED_AUTOS = YES_AGGRESSIVE;
				GCC_WARN_UNUSED_FUNCTION = YES;
				GCC_WARN_UNUSED_VARIABLE = YES;
				IPHONEOS_DEPLOYMENT_TARGET = 14.4;
				MTL_ENABLE_DEBUG_INFO = NO;
				MTL_FAST_MATH = YES;
				SDKROOT = iphoneos;
				SWIFT_COMPILATION_MODE = wholemodule;
				SWIFT_OPTIMIZATION_LEVEL = "-O";
				VALIDATE_PRODUCT = YES;
			};
			name = Release;
		};
		079F98D125D2437E00A59366 /* Debug */ = {
			isa = XCBuildConfiguration;
			baseConfigurationReference = 2467CA27593EFFB5A506780A /* Pods-Flix.debug.xcconfig */;
			buildSettings = {
				ASSETCATALOG_COMPILER_APPICON_NAME = AppIcon;
				ASSETCATALOG_COMPILER_GLOBAL_ACCENT_COLOR_NAME = AccentColor;
				CODE_SIGN_STYLE = Automatic;
				INFOPLIST_FILE = Flix/Info.plist;
				LD_RUNPATH_SEARCH_PATHS = (
					"$(inherited)",
					"@executable_path/Frameworks",
				);
				PRODUCT_BUNDLE_IDENTIFIER = techeric.Flix;
				PRODUCT_NAME = "$(TARGET_NAME)";
				SWIFT_VERSION = 5.0;
				TARGETED_DEVICE_FAMILY = "1,2";
			};
			name = Debug;
		};
		079F98D225D2437E00A59366 /* Release */ = {
			isa = XCBuildConfiguration;
			baseConfigurationReference = A636C1997FA8657F0505897A /* Pods-Flix.release.xcconfig */;
			buildSettings = {
				ASSETCATALOG_COMPILER_APPICON_NAME = AppIcon;
				ASSETCATALOG_COMPILER_GLOBAL_ACCENT_COLOR_NAME = AccentColor;
				CODE_SIGN_STYLE = Automatic;
				INFOPLIST_FILE = Flix/Info.plist;
				LD_RUNPATH_SEARCH_PATHS = (
					"$(inherited)",
					"@executable_path/Frameworks",
				);
				PRODUCT_BUNDLE_IDENTIFIER = techeric.Flix;
				PRODUCT_NAME = "$(TARGET_NAME)";
				SWIFT_VERSION = 5.0;
				TARGETED_DEVICE_FAMILY = "1,2";
			};
			name = Release;
		};
		079F98D425D2437E00A59366 /* Debug */ = {
			isa = XCBuildConfiguration;
			baseConfigurationReference = C2B45A944B5F9E78C9EEB2BA /* Pods-FlixTests.debug.xcconfig */;
			buildSettings = {
				ALWAYS_EMBED_SWIFT_STANDARD_LIBRARIES = YES;
				BUNDLE_LOADER = "$(TEST_HOST)";
				CODE_SIGN_STYLE = Automatic;
				INFOPLIST_FILE = FlixTests/Info.plist;
				IPHONEOS_DEPLOYMENT_TARGET = 14.4;
				LD_RUNPATH_SEARCH_PATHS = (
					"$(inherited)",
					"@executable_path/Frameworks",
					"@loader_path/Frameworks",
				);
				PRODUCT_BUNDLE_IDENTIFIER = techeric.FlixTests;
				PRODUCT_NAME = "$(TARGET_NAME)";
				SWIFT_VERSION = 5.0;
				TARGETED_DEVICE_FAMILY = "1,2";
				TEST_HOST = "$(BUILT_PRODUCTS_DIR)/Flix.app/Flix";
			};
			name = Debug;
		};
		079F98D525D2437E00A59366 /* Release */ = {
			isa = XCBuildConfiguration;
			baseConfigurationReference = 9CFA78C3C33B90B1120562D4 /* Pods-FlixTests.release.xcconfig */;
			buildSettings = {
				ALWAYS_EMBED_SWIFT_STANDARD_LIBRARIES = YES;
				BUNDLE_LOADER = "$(TEST_HOST)";
				CODE_SIGN_STYLE = Automatic;
				INFOPLIST_FILE = FlixTests/Info.plist;
				IPHONEOS_DEPLOYMENT_TARGET = 14.4;
				LD_RUNPATH_SEARCH_PATHS = (
					"$(inherited)",
					"@executable_path/Frameworks",
					"@loader_path/Frameworks",
				);
				PRODUCT_BUNDLE_IDENTIFIER = techeric.FlixTests;
				PRODUCT_NAME = "$(TARGET_NAME)";
				SWIFT_VERSION = 5.0;
				TARGETED_DEVICE_FAMILY = "1,2";
				TEST_HOST = "$(BUILT_PRODUCTS_DIR)/Flix.app/Flix";
			};
			name = Release;
		};
		079F98D725D2437E00A59366 /* Debug */ = {
			isa = XCBuildConfiguration;
			baseConfigurationReference = D2B6F8CF15050D1CF38E7A4A /* Pods-Flix-FlixUITests.debug.xcconfig */;
			buildSettings = {
				ALWAYS_EMBED_SWIFT_STANDARD_LIBRARIES = YES;
				CODE_SIGN_STYLE = Automatic;
				INFOPLIST_FILE = FlixUITests/Info.plist;
				LD_RUNPATH_SEARCH_PATHS = (
					"$(inherited)",
					"@executable_path/Frameworks",
					"@loader_path/Frameworks",
				);
				PRODUCT_BUNDLE_IDENTIFIER = techeric.FlixUITests;
				PRODUCT_NAME = "$(TARGET_NAME)";
				SWIFT_VERSION = 5.0;
				TARGETED_DEVICE_FAMILY = "1,2";
				TEST_TARGET_NAME = Flix;
			};
			name = Debug;
		};
		079F98D825D2437E00A59366 /* Release */ = {
			isa = XCBuildConfiguration;
			baseConfigurationReference = 69027AF0FF5358E2B28D64EA /* Pods-Flix-FlixUITests.release.xcconfig */;
			buildSettings = {
				ALWAYS_EMBED_SWIFT_STANDARD_LIBRARIES = YES;
				CODE_SIGN_STYLE = Automatic;
				INFOPLIST_FILE = FlixUITests/Info.plist;
				LD_RUNPATH_SEARCH_PATHS = (
					"$(inherited)",
					"@executable_path/Frameworks",
					"@loader_path/Frameworks",
				);
				PRODUCT_BUNDLE_IDENTIFIER = techeric.FlixUITests;
				PRODUCT_NAME = "$(TARGET_NAME)";
				SWIFT_VERSION = 5.0;
				TARGETED_DEVICE_FAMILY = "1,2";
				TEST_TARGET_NAME = Flix;
			};
			name = Release;
		};
/* End XCBuildConfiguration section */

/* Begin XCConfigurationList section */
		079F98A125D2437D00A59366 /* Build configuration list for PBXProject "Flix" */ = {
			isa = XCConfigurationList;
			buildConfigurations = (
				079F98CE25D2437E00A59366 /* Debug */,
				079F98CF25D2437E00A59366 /* Release */,
			);
			defaultConfigurationIsVisible = 0;
			defaultConfigurationName = Release;
		};
		079F98D025D2437E00A59366 /* Build configuration list for PBXNativeTarget "Flix" */ = {
			isa = XCConfigurationList;
			buildConfigurations = (
				079F98D125D2437E00A59366 /* Debug */,
				079F98D225D2437E00A59366 /* Release */,
			);
			defaultConfigurationIsVisible = 0;
			defaultConfigurationName = Release;
		};
		079F98D325D2437E00A59366 /* Build configuration list for PBXNativeTarget "FlixTests" */ = {
			isa = XCConfigurationList;
			buildConfigurations = (
				079F98D425D2437E00A59366 /* Debug */,
				079F98D525D2437E00A59366 /* Release */,
			);
			defaultConfigurationIsVisible = 0;
			defaultConfigurationName = Release;
		};
		079F98D625D2437E00A59366 /* Build configuration list for PBXNativeTarget "FlixUITests" */ = {
			isa = XCConfigurationList;
			buildConfigurations = (
				079F98D725D2437E00A59366 /* Debug */,
				079F98D825D2437E00A59366 /* Release */,
			);
			defaultConfigurationIsVisible = 0;
			defaultConfigurationName = Release;
		};
/* End XCConfigurationList section */
	};
	rootObject = 079F989E25D2437D00A59366 /* Project object */;
}
